// !$*UTF8*$!
{
	archiveVersion = 1;
	classes = {
	};
	objectVersion = 56;
	objects = {

/* Begin PBXBuildFile section */
		FB71D6242ADE9F9900FF2058 /* AppDelegate.swift in Sources */ = {isa = PBXBuildFile; fileRef = FB71D6232ADE9F9900FF2058 /* AppDelegate.swift */; };
		FB71D6262ADE9F9900FF2058 /* SceneDelegate.swift in Sources */ = {isa = PBXBuildFile; fileRef = FB71D6252ADE9F9900FF2058 /* SceneDelegate.swift */; };
		FB71D6282ADE9F9900FF2058 /* ViewController.swift in Sources */ = {isa = PBXBuildFile; fileRef = FB71D6272ADE9F9900FF2058 /* ViewController.swift */; };
		FB71D62B2ADE9F9900FF2058 /* Main.storyboard in Resources */ = {isa = PBXBuildFile; fileRef = FB71D6292ADE9F9900FF2058 /* Main.storyboard */; };
		FB71D62D2ADE9F9A00FF2058 /* Assets.xcassets in Resources */ = {isa = PBXBuildFile; fileRef = FB71D62C2ADE9F9A00FF2058 /* Assets.xcassets */; };
		FB71D6302ADE9F9A00FF2058 /* LaunchScreen.storyboard in Resources */ = {isa = PBXBuildFile; fileRef = FB71D62E2ADE9F9A00FF2058 /* LaunchScreen.storyboard */; };
		FB71D63B2ADE9F9A00FF2058 /* CounterTests.swift in Sources */ = {isa = PBXBuildFile; fileRef = FB71D63A2ADE9F9A00FF2058 /* CounterTests.swift */; };
		FB71D6452ADE9F9A00FF2058 /* CounterUITests.swift in Sources */ = {isa = PBXBuildFile; fileRef = FB71D6442ADE9F9A00FF2058 /* CounterUITests.swift */; };
		FB71D6472ADE9F9A00FF2058 /* CounterUITestsLaunchTests.swift in Sources */ = {isa = PBXBuildFile; fileRef = FB71D6462ADE9F9A00FF2058 /* CounterUITestsLaunchTests.swift */; };
/* End PBXBuildFile section */

/* Begin PBXContainerItemProxy section */
		FB71D6372ADE9F9A00FF2058 /* PBXContainerItemProxy */ = {
			isa = PBXContainerItemProxy;
			containerPortal = FB71D6182ADE9F9900FF2058 /* Project object */;
			proxyType = 1;
			remoteGlobalIDString = FB71D61F2ADE9F9900FF2058;
			remoteInfo = Counter;
		};
		FB71D6412ADE9F9A00FF2058 /* PBXContainerItemProxy */ = {
			isa = PBXContainerItemProxy;
			containerPortal = FB71D6182ADE9F9900FF2058 /* Project object */;
			proxyType = 1;
			remoteGlobalIDString = FB71D61F2ADE9F9900FF2058;
			remoteInfo = Counter;
		};
/* End PBXContainerItemProxy section */

/* Begin PBXFileReference section */
		FB71D6202ADE9F9900FF2058 /* Counter.app */ = {isa = PBXFileReference; explicitFileType = wrapper.application; includeInIndex = 0; path = Counter.app; sourceTree = BUILT_PRODUCTS_DIR; };
		FB71D6232ADE9F9900FF2058 /* AppDelegate.swift */ = {isa = PBXFileReference; lastKnownFileType = sourcecode.swift; path = AppDelegate.swift; sourceTree = "<group>"; };
		FB71D6252ADE9F9900FF2058 /* SceneDelegate.swift */ = {isa = PBXFileReference; lastKnownFileType = sourcecode.swift; path = SceneDelegate.swift; sourceTree = "<group>"; };
		FB71D6272ADE9F9900FF2058 /* ViewController.swift */ = {isa = PBXFileReference; lastKnownFileType = sourcecode.swift; path = ViewController.swift; sourceTree = "<group>"; };
		FB71D62A2ADE9F9900FF2058 /* Base */ = {isa = PBXFileReference; lastKnownFileType = file.storyboard; name = Base; path = Base.lproj/Main.storyboard; sourceTree = "<group>"; };
		FB71D62C2ADE9F9A00FF2058 /* Assets.xcassets */ = {isa = PBXFileReference; lastKnownFileType = folder.assetcatalog; path = Assets.xcassets; sourceTree = "<group>"; };
		FB71D62F2ADE9F9A00FF2058 /* Base */ = {isa = PBXFileReference; lastKnownFileType = file.storyboard; name = Base; path = Base.lproj/LaunchScreen.storyboard; sourceTree = "<group>"; };
		FB71D6312ADE9F9A00FF2058 /* Info.plist */ = {isa = PBXFileReference; lastKnownFileType = text.plist.xml; path = Info.plist; sourceTree = "<group>"; };
		FB71D6362ADE9F9A00FF2058 /* CounterTests.xctest */ = {isa = PBXFileReference; explicitFileType = wrapper.cfbundle; includeInIndex = 0; path = CounterTests.xctest; sourceTree = BUILT_PRODUCTS_DIR; };
		FB71D63A2ADE9F9A00FF2058 /* CounterTests.swift */ = {isa = PBXFileReference; lastKnownFileType = sourcecode.swift; path = CounterTests.swift; sourceTree = "<group>"; };
		FB71D6402ADE9F9A00FF2058 /* CounterUITests.xctest */ = {isa = PBXFileReference; explicitFileType = wrapper.cfbundle; includeInIndex = 0; path = CounterUITests.xctest; sourceTree = BUILT_PRODUCTS_DIR; };
		FB71D6442ADE9F9A00FF2058 /* CounterUITests.swift */ = {isa = PBXFileReference; lastKnownFileType = sourcecode.swift; path = CounterUITests.swift; sourceTree = "<group>"; };
		FB71D6462ADE9F9A00FF2058 /* CounterUITestsLaunchTests.swift */ = {isa = PBXFileReference; lastKnownFileType = sourcecode.swift; path = CounterUITestsLaunchTests.swift; sourceTree = "<group>"; };
/* End PBXFileReference section */

/* Begin PBXFrameworksBuildPhase section */
		FB71D61D2ADE9F9900FF2058 /* Frameworks */ = {
			isa = PBXFrameworksBuildPhase;
			buildActionMask = 2147483647;
			files = (
			);
			runOnlyForDeploymentPostprocessing = 0;
		};
		FB71D6332ADE9F9A00FF2058 /* Frameworks */ = {
			isa = PBXFrameworksBuildPhase;
			buildActionMask = 2147483647;
			files = (
			);
			runOnlyForDeploymentPostprocessing = 0;
		};
		FB71D63D2ADE9F9A00FF2058 /* Frameworks */ = {
			isa = PBXFrameworksBuildPhase;
			buildActionMask = 2147483647;
			files = (
			);
			runOnlyForDeploymentPostprocessing = 0;
		};
/* End PBXFrameworksBuildPhase section */

/* Begin PBXGroup section */
		FB71D6172ADE9F9900FF2058 = {
			isa = PBXGroup;
			children = (
				FB71D6222ADE9F9900FF2058 /* Counter */,
				FB71D6392ADE9F9A00FF2058 /* CounterTests */,
				FB71D6432ADE9F9A00FF2058 /* CounterUITests */,
				FB71D6212ADE9F9900FF2058 /* Products */,
			);
			sourceTree = "<group>";
		};
		FB71D6212ADE9F9900FF2058 /* Products */ = {
			isa = PBXGroup;
			children = (
				FB71D6202ADE9F9900FF2058 /* Counter.app */,
				FB71D6362ADE9F9A00FF2058 /* CounterTests.xctest */,
				FB71D6402ADE9F9A00FF2058 /* CounterUITests.xctest */,
			);
			name = Products;
			sourceTree = "<group>";
		};
		FB71D6222ADE9F9900FF2058 /* Counter */ = {
			isa = PBXGroup;
			children = (
				FB71D6232ADE9F9900FF2058 /* AppDelegate.swift */,
				FB71D6252ADE9F9900FF2058 /* SceneDelegate.swift */,
				FB71D6272ADE9F9900FF2058 /* ViewController.swift */,
				FB71D6292ADE9F9900FF2058 /* Main.storyboard */,
				FB71D62C2ADE9F9A00FF2058 /* Assets.xcassets */,
				FB71D62E2ADE9F9A00FF2058 /* LaunchScreen.storyboard */,
				FB71D6312ADE9F9A00FF2058 /* Info.plist */,
			);
			path = Counter;
			sourceTree = "<group>";
		};
		FB71D6392ADE9F9A00FF2058 /* CounterTests */ = {
			isa = PBXGroup;
			children = (
				FB71D63A2ADE9F9A00FF2058 /* CounterTests.swift */,
			);
			path = CounterTests;
			sourceTree = "<group>";
		};
		FB71D6432ADE9F9A00FF2058 /* CounterUITests */ = {
			isa = PBXGroup;
			children = (
				FB71D6442ADE9F9A00FF2058 /* CounterUITests.swift */,
				FB71D6462ADE9F9A00FF2058 /* CounterUITestsLaunchTests.swift */,
			);
			path = CounterUITests;
			sourceTree = "<group>";
		};
/* End PBXGroup section */

/* Begin PBXNativeTarget section */
		FB71D61F2ADE9F9900FF2058 /* Counter */ = {
			isa = PBXNativeTarget;
			buildConfigurationList = FB71D64A2ADE9F9A00FF2058 /* Build configuration list for PBXNativeTarget "Counter" */;
			buildPhases = (
				FB71D61C2ADE9F9900FF2058 /* Sources */,
				FB71D61D2ADE9F9900FF2058 /* Frameworks */,
				FB71D61E2ADE9F9900FF2058 /* Resources */,
			);
			buildRules = (
			);
			dependencies = (
			);
			name = Counter;
			productName = Counter;
			productReference = FB71D6202ADE9F9900FF2058 /* Counter.app */;
			productType = "com.apple.product-type.application";
		};
		FB71D6352ADE9F9A00FF2058 /* CounterTests */ = {
			isa = PBXNativeTarget;
			buildConfigurationList = FB71D64D2ADE9F9A00FF2058 /* Build configuration list for PBXNativeTarget "CounterTests" */;
			buildPhases = (
				FB71D6322ADE9F9A00FF2058 /* Sources */,
				FB71D6332ADE9F9A00FF2058 /* Frameworks */,
				FB71D6342ADE9F9A00FF2058 /* Resources */,
			);
			buildRules = (
			);
			dependencies = (
				FB71D6382ADE9F9A00FF2058 /* PBXTargetDependency */,
			);
			name = CounterTests;
			productName = CounterTests;
			productReference = FB71D6362ADE9F9A00FF2058 /* CounterTests.xctest */;
			productType = "com.apple.product-type.bundle.unit-test";
		};
		FB71D63F2ADE9F9A00FF2058 /* CounterUITests */ = {
			isa = PBXNativeTarget;
			buildConfigurationList = FB71D6502ADE9F9A00FF2058 /* Build configuration list for PBXNativeTarget "CounterUITests" */;
			buildPhases = (
				FB71D63C2ADE9F9A00FF2058 /* Sources */,
				FB71D63D2ADE9F9A00FF2058 /* Frameworks */,
				FB71D63E2ADE9F9A00FF2058 /* Resources */,
			);
			buildRules = (
			);
			dependencies = (
				FB71D6422ADE9F9A00FF2058 /* PBXTargetDependency */,
			);
			name = CounterUITests;
			productName = CounterUITests;
			productReference = FB71D6402ADE9F9A00FF2058 /* CounterUITests.xctest */;
			productType = "com.apple.product-type.bundle.ui-testing";
		};
/* End PBXNativeTarget section */

/* Begin PBXProject section */
		FB71D6182ADE9F9900FF2058 /* Project object */ = {
			isa = PBXProject;
			attributes = {
				BuildIndependentTargetsInParallel = 1;
				LastSwiftUpdateCheck = 1500;
				LastUpgradeCheck = 1500;
				TargetAttributes = {
					FB71D61F2ADE9F9900FF2058 = {
						CreatedOnToolsVersion = 15.0;
					};
					FB71D6352ADE9F9A00FF2058 = {
						CreatedOnToolsVersion = 15.0;
						TestTargetID = FB71D61F2ADE9F9900FF2058;
					};
					FB71D63F2ADE9F9A00FF2058 = {
						CreatedOnToolsVersion = 15.0;
						TestTargetID = FB71D61F2ADE9F9900FF2058;
					};
				};
			};
			buildConfigurationList = FB71D61B2ADE9F9900FF2058 /* Build configuration list for PBXProject "Counter" */;
			compatibilityVersion = "Xcode 14.0";
			developmentRegion = en;
			hasScannedForEncodings = 0;
			knownRegions = (
				en,
				Base,
			);
			mainGroup = FB71D6172ADE9F9900FF2058;
			productRefGroup = FB71D6212ADE9F9900FF2058 /* Products */;
			projectDirPath = "";
			projectRoot = "";
			targets = (
				FB71D61F2ADE9F9900FF2058 /* Counter */,
				FB71D6352ADE9F9A00FF2058 /* CounterTests */,
				FB71D63F2ADE9F9A00FF2058 /* CounterUITests */,
			);
		};
/* End PBXProject section */

/* Begin PBXResourcesBuildPhase section */
		FB71D61E2ADE9F9900FF2058 /* Resources */ = {
			isa = PBXResourcesBuildPhase;
			buildActionMask = 2147483647;
			files = (
				FB71D6302ADE9F9A00FF2058 /* LaunchScreen.storyboard in Resources */,
				FB71D62D2ADE9F9A00FF2058 /* Assets.xcassets in Resources */,
				FB71D62B2ADE9F9900FF2058 /* Main.storyboard in Resources */,
			);
			runOnlyForDeploymentPostprocessing = 0;
		};
		FB71D6342ADE9F9A00FF2058 /* Resources */ = {
			isa = PBXResourcesBuildPhase;
			buildActionMask = 2147483647;
			files = (
			);
			runOnlyForDeploymentPostprocessing = 0;
		};
		FB71D63E2ADE9F9A00FF2058 /* Resources */ = {
			isa = PBXResourcesBuildPhase;
			buildActionMask = 2147483647;
			files = (
			);
			runOnlyForDeploymentPostprocessing = 0;
		};
/* End PBXResourcesBuildPhase section */

/* Begin PBXSourcesBuildPhase section */
		FB71D61C2ADE9F9900FF2058 /* Sources */ = {
			isa = PBXSourcesBuildPhase;
			buildActionMask = 2147483647;
			files = (
				FB71D6282ADE9F9900FF2058 /* ViewController.swift in Sources */,
				FB71D6242ADE9F9900FF2058 /* AppDelegate.swift in Sources */,
				FB71D6262ADE9F9900FF2058 /* SceneDelegate.swift in Sources */,
			);
			runOnlyForDeploymentPostprocessing = 0;
		};
		FB71D6322ADE9F9A00FF2058 /* Sources */ = {
			isa = PBXSourcesBuildPhase;
			buildActionMask = 2147483647;
			files = (
				FB71D63B2ADE9F9A00FF2058 /* CounterTests.swift in Sources */,
			);
			runOnlyForDeploymentPostprocessing = 0;
		};
		FB71D63C2ADE9F9A00FF2058 /* Sources */ = {
			isa = PBXSourcesBuildPhase;
			buildActionMask = 2147483647;
			files = (
				FB71D6452ADE9F9A00FF2058 /* CounterUITests.swift in Sources */,
				FB71D6472ADE9F9A00FF2058 /* CounterUITestsLaunchTests.swift in Sources */,
			);
			runOnlyForDeploymentPostprocessing = 0;
		};
/* End PBXSourcesBuildPhase section */

/* Begin PBXTargetDependency section */
		FB71D6382ADE9F9A00FF2058 /* PBXTargetDependency */ = {
			isa = PBXTargetDependency;
			target = FB71D61F2ADE9F9900FF2058 /* Counter */;
			targetProxy = FB71D6372ADE9F9A00FF2058 /* PBXContainerItemProxy */;
		};
		FB71D6422ADE9F9A00FF2058 /* PBXTargetDependency */ = {
			isa = PBXTargetDependency;
			target = FB71D61F2ADE9F9900FF2058 /* Counter */;
			targetProxy = FB71D6412ADE9F9A00FF2058 /* PBXContainerItemProxy */;
		};
/* End PBXTargetDependency section */

/* Begin PBXVariantGroup section */
		FB71D6292ADE9F9900FF2058 /* Main.storyboard */ = {
			isa = PBXVariantGroup;
			children = (
				FB71D62A2ADE9F9900FF2058 /* Base */,
			);
			name = Main.storyboard;
			sourceTree = "<group>";
		};
		FB71D62E2ADE9F9A00FF2058 /* LaunchScreen.storyboard */ = {
			isa = PBXVariantGroup;
			children = (
				FB71D62F2ADE9F9A00FF2058 /* Base */,
			);
			name = LaunchScreen.storyboard;
			sourceTree = "<group>";
		};
/* End PBXVariantGroup section */

/* Begin XCBuildConfiguration section */
		FB71D6482ADE9F9A00FF2058 /* Debug */ = {
			isa = XCBuildConfiguration;
			buildSettings = {
				ALWAYS_SEARCH_USER_PATHS = NO;
				ASSETCATALOG_COMPILER_GENERATE_SWIFT_ASSET_SYMBOL_EXTENSIONS = YES;
				CLANG_ANALYZER_NONNULL = YES;
				CLANG_ANALYZER_NUMBER_OBJECT_CONVERSION = YES_AGGRESSIVE;
				CLANG_CXX_LANGUAGE_STANDARD = "gnu++20";
				CLANG_ENABLE_MODULES = YES;
				CLANG_ENABLE_OBJC_ARC = YES;
				CLANG_ENABLE_OBJC_WEAK = YES;
				CLANG_WARN_BLOCK_CAPTURE_AUTORELEASING = YES;
				CLANG_WARN_BOOL_CONVERSION = YES;
				CLANG_WARN_COMMA = YES;
				CLANG_WARN_CONSTANT_CONVERSION = YES;
				CLANG_WARN_DEPRECATED_OBJC_IMPLEMENTATIONS = YES;
				CLANG_WARN_DIRECT_OBJC_ISA_USAGE = YES_ERROR;
				CLANG_WARN_DOCUMENTATION_COMMENTS = YES;
				CLANG_WARN_EMPTY_BODY = YES;
				CLANG_WARN_ENUM_CONVERSION = YES;
				CLANG_WARN_INFINITE_RECURSION = YES;
				CLANG_WARN_INT_CONVERSION = YES;
				CLANG_WARN_NON_LITERAL_NULL_CONVERSION = YES;
				CLANG_WARN_OBJC_IMPLICIT_RETAIN_SELF = YES;
				CLANG_WARN_OBJC_LITERAL_CONVERSION = YES;
				CLANG_WARN_OBJC_ROOT_CLASS = YES_ERROR;
				CLANG_WARN_QUOTED_INCLUDE_IN_FRAMEWORK_HEADER = YES;
				CLANG_WARN_RANGE_LOOP_ANALYSIS = YES;
				CLANG_WARN_STRICT_PROTOTYPES = YES;
				CLANG_WARN_SUSPICIOUS_MOVE = YES;
				CLANG_WARN_UNGUARDED_AVAILABILITY = YES_AGGRESSIVE;
				CLANG_WARN_UNREACHABLE_CODE = YES;
				CLANG_WARN__DUPLICATE_METHOD_MATCH = YES;
				COPY_PHASE_STRIP = NO;
				DEBUG_INFORMATION_FORMAT = dwarf;
				ENABLE_STRICT_OBJC_MSGSEND = YES;
				ENABLE_TESTABILITY = YES;
				ENABLE_USER_SCRIPT_SANDBOXING = YES;
				GCC_C_LANGUAGE_STANDARD = gnu17;
				GCC_DYNAMIC_NO_PIC = NO;
				GCC_NO_COMMON_BLOCKS = YES;
				GCC_OPTIMIZATION_LEVEL = 0;
				GCC_PREPROCESSOR_DEFINITIONS = (
					"DEBUG=1",
					"$(inherited)",
				);
				GCC_WARN_64_TO_32_BIT_CONVERSION = YES;
				GCC_WARN_ABOUT_RETURN_TYPE = YES_ERROR;
				GCC_WARN_UNDECLARED_SELECTOR = YES;
				GCC_WARN_UNINITIALIZED_AUTOS = YES_AGGRESSIVE;
				GCC_WARN_UNUSED_FUNCTION = YES;
				GCC_WARN_UNUSED_VARIABLE = YES;
				IPHONEOS_DEPLOYMENT_TARGET = 17.0;
				LOCALIZATION_PREFERS_STRING_CATALOGS = YES;
				MTL_ENABLE_DEBUG_INFO = INCLUDE_SOURCE;
				MTL_FAST_MATH = YES;
				ONLY_ACTIVE_ARCH = YES;
				SDKROOT = iphoneos;
				SWIFT_ACTIVE_COMPILATION_CONDITIONS = "DEBUG $(inherited)";
				SWIFT_OPTIMIZATION_LEVEL = "-Onone";
			};
			name = Debug;
		};
		FB71D6492ADE9F9A00FF2058 /* Release */ = {
			isa = XCBuildConfiguration;
			buildSettings = {
				ALWAYS_SEARCH_USER_PATHS = NO;
				ASSETCATALOG_COMPILER_GENERATE_SWIFT_ASSET_SYMBOL_EXTENSIONS = YES;
				CLANG_ANALYZER_NONNULL = YES;
				CLANG_ANALYZER_NUMBER_OBJECT_CONVERSION = YES_AGGRESSIVE;
				CLANG_CXX_LANGUAGE_STANDARD = "gnu++20";
				CLANG_ENABLE_MODULES = YES;
				CLANG_ENABLE_OBJC_ARC = YES;
				CLANG_ENABLE_OBJC_WEAK = YES;
				CLANG_WARN_BLOCK_CAPTURE_AUTORELEASING = YES;
				CLANG_WARN_BOOL_CONVERSION = YES;
				CLANG_WARN_COMMA = YES;
				CLANG_WARN_CONSTANT_CONVERSION = YES;
				CLANG_WARN_DEPRECATED_OBJC_IMPLEMENTATIONS = YES;
				CLANG_WARN_DIRECT_OBJC_ISA_USAGE = YES_ERROR;
				CLANG_WARN_DOCUMENTATION_COMMENTS = YES;
				CLANG_WARN_EMPTY_BODY = YES;
				CLANG_WARN_ENUM_CONVERSION = YES;
				CLANG_WARN_INFINITE_RECURSION = YES;
				CLANG_WARN_INT_CONVERSION = YES;
				CLANG_WARN_NON_LITERAL_NULL_CONVERSION = YES;
				CLANG_WARN_OBJC_IMPLICIT_RETAIN_SELF = YES;
				CLANG_WARN_OBJC_LITERAL_CONVERSION = YES;
				CLANG_WARN_OBJC_ROOT_CLASS = YES_ERROR;
				CLANG_WARN_QUOTED_INCLUDE_IN_FRAMEWORK_HEADER = YES;
				CLANG_WARN_RANGE_LOOP_ANALYSIS = YES;
				CLANG_WARN_STRICT_PROTOTYPES = YES;
				CLANG_WARN_SUSPICIOUS_MOVE = YES;
				CLANG_WARN_UNGUARDED_AVAILABILITY = YES_AGGRESSIVE;
				CLANG_WARN_UNREACHABLE_CODE = YES;
				CLANG_WARN__DUPLICATE_METHOD_MATCH = YES;
				COPY_PHASE_STRIP = NO;
				DEBUG_INFORMATION_FORMAT = "dwarf-with-dsym";
				ENABLE_NS_ASSERTIONS = NO;
				ENABLE_STRICT_OBJC_MSGSEND = YES;
				ENABLE_USER_SCRIPT_SANDBOXING = YES;
				GCC_C_LANGUAGE_STANDARD = gnu17;
				GCC_NO_COMMON_BLOCKS = YES;
				GCC_WARN_64_TO_32_BIT_CONVERSION = YES;
				GCC_WARN_ABOUT_RETURN_TYPE = YES_ERROR;
				GCC_WARN_UNDECLARED_SELECTOR = YES;
				GCC_WARN_UNINITIALIZED_AUTOS = YES_AGGRESSIVE;
				GCC_WARN_UNUSED_FUNCTION = YES;
				GCC_WARN_UNUSED_VARIABLE = YES;
				IPHONEOS_DEPLOYMENT_TARGET = 17.0;
				LOCALIZATION_PREFERS_STRING_CATALOGS = YES;
				MTL_ENABLE_DEBUG_INFO = NO;
				MTL_FAST_MATH = YES;
				SDKROOT = iphoneos;
				SWIFT_COMPILATION_MODE = wholemodule;
				VALIDATE_PRODUCT = YES;
			};
			name = Release;
		};
		FB71D64B2ADE9F9A00FF2058 /* Debug */ = {
			isa = XCBuildConfiguration;
			buildSettings = {
				ASSETCATALOG_COMPILER_APPICON_NAME = AppIcon;
				ASSETCATALOG_COMPILER_GLOBAL_ACCENT_COLOR_NAME = AccentColor;
				CODE_SIGN_STYLE = Automatic;
				CURRENT_PROJECT_VERSION = 1;
				DEVELOPMENT_TEAM = 57YFZJ3F5S;
				GENERATE_INFOPLIST_FILE = YES;
				INFOPLIST_FILE = Counter/Info.plist;
				INFOPLIST_KEY_UIApplicationSupportsIndirectInputEvents = YES;
				INFOPLIST_KEY_UILaunchStoryboardName = LaunchScreen;
				INFOPLIST_KEY_UIMainStoryboardFile = Main;
				INFOPLIST_KEY_UISupportedInterfaceOrientations_iPad = "UIInterfaceOrientationPortrait UIInterfaceOrientationPortraitUpsideDown UIInterfaceOrientationLandscapeLeft UIInterfaceOrientationLandscapeRight";
				INFOPLIST_KEY_UISupportedInterfaceOrientations_iPhone = "UIInterfaceOrientationPortrait UIInterfaceOrientationLandscapeLeft UIInterfaceOrientationLandscapeRight";
				LD_RUNPATH_SEARCH_PATHS = (
					"$(inherited)",
					"@executable_path/Frameworks",
				);
				MARKETING_VERSION = 1.0;
				PRODUCT_BUNDLE_IDENTIFIER = test.Counter;
				PRODUCT_NAME = "$(TARGET_NAME)";
				SWIFT_EMIT_LOC_STRINGS = YES;
				SWIFT_VERSION = 5.0;
				TARGETED_DEVICE_FAMILY = "1,2";
			};
			name = Debug;
		};
		FB71D64C2ADE9F9A00FF2058 /* Release */ = {
			isa = XCBuildConfiguration;
			buildSettings = {
				ASSETCATALOG_COMPILER_APPICON_NAME = AppIcon;
				ASSETCATALOG_COMPILER_GLOBAL_ACCENT_COLOR_NAME = AccentColor;
				CODE_SIGN_STYLE = Automatic;
				CURRENT_PROJECT_VERSION = 1;
				DEVELOPMENT_TEAM = 57YFZJ3F5S;
				GENERATE_INFOPLIST_FILE = YES;
				INFOPLIST_FILE = Counter/Info.plist;
				INFOPLIST_KEY_UIApplicationSupportsIndirectInputEvents = YES;
				INFOPLIST_KEY_UILaunchStoryboardName = LaunchScreen;
				INFOPLIST_KEY_UIMainStoryboardFile = Main;
				INFOPLIST_KEY_UISupportedInterfaceOrientations_iPad = "UIInterfaceOrientationPortrait UIInterfaceOrientationPortraitUpsideDown UIInterfaceOrientationLandscapeLeft UIInterfaceOrientationLandscapeRight";
				INFOPLIST_KEY_UISupportedInterfaceOrientations_iPhone = "UIInterfaceOrientationPortrait UIInterfaceOrientationLandscapeLeft UIInterfaceOrientationLandscapeRight";
				LD_RUNPATH_SEARCH_PATHS = (
					"$(inherited)",
					"@executable_path/Frameworks",
				);
				MARKETING_VERSION = 1.0;
				PRODUCT_BUNDLE_IDENTIFIER = test.Counter;
				PRODUCT_NAME = "$(TARGET_NAME)";
				SWIFT_EMIT_LOC_STRINGS = YES;
				SWIFT_VERSION = 5.0;
				TARGETED_DEVICE_FAMILY = "1,2";
			};
			name = Release;
		};
		FB71D64E2ADE9F9A00FF2058 /* Debug */ = {
			isa = XCBuildConfiguration;
			buildSettings = {
				ALWAYS_EMBED_SWIFT_STANDARD_LIBRARIES = YES;
				BUNDLE_LOADER = "$(TEST_HOST)";
				CODE_SIGN_STYLE = Automatic;
				CURRENT_PROJECT_VERSION = 1;
				DEVELOPMENT_TEAM = 57YFZJ3F5S;
				GENERATE_INFOPLIST_FILE = YES;
				IPHONEOS_DEPLOYMENT_TARGET = 17.0;
				MARKETING_VERSION = 1.0;
				PRODUCT_BUNDLE_IDENTIFIER = test.CounterTests;
				PRODUCT_NAME = "$(TARGET_NAME)";
				SWIFT_EMIT_LOC_STRINGS = NO;
				SWIFT_VERSION = 5.0;
				TARGETED_DEVICE_FAMILY = "1,2";
				TEST_HOST = "$(BUILT_PRODUCTS_DIR)/Counter.app/$(BUNDLE_EXECUTABLE_FOLDER_PATH)/Counter";
			};
			name = Debug;
		};
		FB71D64F2ADE9F9A00FF2058 /* Release */ = {
			isa = XCBuildConfiguration;
			buildSettings = {
				ALWAYS_EMBED_SWIFT_STANDARD_LIBRARIES = YES;
				BUNDLE_LOADER = "$(TEST_HOST)";
				CODE_SIGN_STYLE = Automatic;
				CURRENT_PROJECT_VERSION = 1;
				DEVELOPMENT_TEAM = 57YFZJ3F5S;
				GENERATE_INFOPLIST_FILE = YES;
				IPHONEOS_DEPLOYMENT_TARGET = 17.0;
				MARKETING_VERSION = 1.0;
				PRODUCT_BUNDLE_IDENTIFIER = test.CounterTests;
				PRODUCT_NAME = "$(TARGET_NAME)";
				SWIFT_EMIT_LOC_STRINGS = NO;
				SWIFT_VERSION = 5.0;
				TARGETED_DEVICE_FAMILY = "1,2";
				TEST_HOST = "$(BUILT_PRODUCTS_DIR)/Counter.app/$(BUNDLE_EXECUTABLE_FOLDER_PATH)/Counter";
			};
			name = Release;
		};
		FB71D6512ADE9F9A00FF2058 /* Debug */ = {
			isa = XCBuildConfiguration;
			buildSettings = {
				ALWAYS_EMBED_SWIFT_STANDARD_LIBRARIES = YES;
				CODE_SIGN_STYLE = Automatic;
				CURRENT_PROJECT_VERSION = 1;
				DEVELOPMENT_TEAM = 57YFZJ3F5S;
				GENERATE_INFOPLIST_FILE = YES;
				MARKETING_VERSION = 1.0;
				PRODUCT_BUNDLE_IDENTIFIER = test.CounterUITests;
				PRODUCT_NAME = "$(TARGET_NAME)";
				SWIFT_EMIT_LOC_STRINGS = NO;
				SWIFT_VERSION = 5.0;
				TARGETED_DEVICE_FAMILY = "1,2";
				TEST_TARGET_NAME = Counter;
			};
			name = Debug;
		};
		FB71D6522ADE9F9A00FF2058 /* Release */ = {
			isa = XCBuildConfiguration;
			buildSettings = {
				ALWAYS_EMBED_SWIFT_STANDARD_LIBRARIES = YES;
				CODE_SIGN_STYLE = Automatic;
				CURRENT_PROJECT_VERSION = 1;
				DEVELOPMENT_TEAM = 57YFZJ3F5S;
				GENERATE_INFOPLIST_FILE = YES;
				MARKETING_VERSION = 1.0;
				PRODUCT_BUNDLE_IDENTIFIER = test.CounterUITests;
				PRODUCT_NAME = "$(TARGET_NAME)";
				SWIFT_EMIT_LOC_STRINGS = NO;
				SWIFT_VERSION = 5.0;
				TARGETED_DEVICE_FAMILY = "1,2";
				TEST_TARGET_NAME = Counter;
			};
			name = Release;
		};
/* End XCBuildConfiguration section */

/* Begin XCConfigurationList section */
		FB71D61B2ADE9F9900FF2058 /* Build configuration list for PBXProject "Counter" */ = {
			isa = XCConfigurationList;
			buildConfigurations = (
				FB71D6482ADE9F9A00FF2058 /* Debug */,
				FB71D6492ADE9F9A00FF2058 /* Release */,
			);
			defaultConfigurationIsVisible = 0;
			defaultConfigurationName = Release;
		};
		FB71D64A2ADE9F9A00FF2058 /* Build configuration list for PBXNativeTarget "Counter" */ = {
			isa = XCConfigurationList;
			buildConfigurations = (
				FB71D64B2ADE9F9A00FF2058 /* Debug */,
				FB71D64C2ADE9F9A00FF2058 /* Release */,
			);
			defaultConfigurationIsVisible = 0;
			defaultConfigurationName = Release;
		};
		FB71D64D2ADE9F9A00FF2058 /* Build configuration list for PBXNativeTarget "CounterTests" */ = {
			isa = XCConfigurationList;
			buildConfigurations = (
				FB71D64E2ADE9F9A00FF2058 /* Debug */,
				FB71D64F2ADE9F9A00FF2058 /* Release */,
			);
			defaultConfigurationIsVisible = 0;
			defaultConfigurationName = Release;
		};
		FB71D6502ADE9F9A00FF2058 /* Build configuration list for PBXNativeTarget "CounterUITests" */ = {
			isa = XCConfigurationList;
			buildConfigurations = (
				FB71D6512ADE9F9A00FF2058 /* Debug */,
				FB71D6522ADE9F9A00FF2058 /* Release */,
			);
			defaultConfigurationIsVisible = 0;
			defaultConfigurationName = Release;
		};
/* End XCConfigurationList section */
	};
	rootObject = FB71D6182ADE9F9900FF2058 /* Project object */;
}
